
Microsoft Visual Studio Solution File, Format Version 12.00
# Visual Studio Version 18
VisualStudioVersion = 18.5.11723.231
MinimumVisualStudioVersion = 10.0.40219.1
Project("{FAE04EC0-301F-11D3-BF4B-00C04F79EFBC}") = "ProjectTemplate", "src\ProjectTemplate\ProjectTemplate.csproj", "{CBA9D563-581A-474F-9320-99DFD07C925D}"
EndProject
Project("{FAE04EC0-301F-11D3-BF4B-00C04F79EFBC}") = "ProjectTemplate.Tests", "src\ProjectTemplate.Tests\ProjectTemplate.Tests.csproj", "{D8C26C93-2219-420A-8E2D-5170E9F4B8A5}"
EndProject
Project("{2150E333-8FDC-42A3-9474-1A3956D46DE8}") = "src", "src", "{827E0CD3-B72D-47B6-A68D-7590B98EB39B}"
EndProject
Project("{FAE04EC0-301F-11D3-BF4B-00C04F79EFBC}") = "ProjectTemplate.Framework", "src\ProjectTemplate.Framework\ProjectTemplate.Framework.csproj", "{5CAD0C5C-4888-4EFC-87B1-6D5AB3AFD8BA}"
EndProject
Project("{FAE04EC0-301F-11D3-BF4B-00C04F79EFBC}") = "ProjectTemplate.Generators.Tests", "src\ProjectTemplate.Generators.Tests\ProjectTemplate.Generators.Tests.csproj", "{5B44AFB0-AF9B-470F-ADA6-E168D1F98234}"
EndProject
Project("{FAE04EC0-301F-11D3-BF4B-00C04F79EFBC}") = "ProjectTemplate.Generators", "src\ProjectTemplate.Generators\ProjectTemplate.Generators.csproj", "{44BFB239-3329-442F-AE61-EE1B862AABD1}"
EndProject
Project("{FAE04EC0-301F-11D3-BF4B-00C04F79EFBC}") = "ProjectTemplate.Worker", "src\ProjectTemplate.Worker\ProjectTemplate.Worker.csproj", "{A1A76A46-56BC-4FD4-AE75-949A4B7EF4C2}"
EndProject
Global
	GlobalSection(SolutionConfigurationPlatforms) = preSolution
		Debug|Any CPU = Debug|Any CPU
		Debug|x64 = Debug|x64
		Debug|x86 = Debug|x86
		Release|Any CPU = Release|Any CPU
		Release|x64 = Release|x64
		Release|x86 = Release|x86
	EndGlobalSection
	GlobalSection(ProjectConfigurationPlatforms) = postSolution
		{CBA9D563-581A-474F-9320-99DFD07C925D}.Debug|Any CPU.ActiveCfg = Debug|Any CPU
		{CBA9D563-581A-474F-9320-99DFD07C925D}.Debug|Any CPU.Build.0 = Debug|Any CPU
		{CBA9D563-581A-474F-9320-99DFD07C925D}.Debug|x64.ActiveCfg = Debug|Any CPU
		{CBA9D563-581A-474F-9320-99DFD07C925D}.Debug|x64.Build.0 = Debug|Any CPU
		{CBA9D563-581A-474F-9320-99DFD07C925D}.Debug|x86.ActiveCfg = Debug|Any CPU
		{CBA9D563-581A-474F-9320-99DFD07C925D}.Debug|x86.Build.0 = Debug|Any CPU
		{CBA9D563-581A-474F-9320-99DFD07C925D}.Release|Any CPU.ActiveCfg = Release|Any CPU
		{CBA9D563-581A-474F-9320-99DFD07C925D}.Release|Any CPU.Build.0 = Release|Any CPU
		{CBA9D563-581A-474F-9320-99DFD07C925D}.Release|x64.ActiveCfg = Release|Any CPU
		{CBA9D563-581A-474F-9320-99DFD07C925D}.Release|x64.Build.0 = Release|Any CPU
		{CBA9D563-581A-474F-9320-99DFD07C925D}.Release|x86.ActiveCfg = Release|Any CPU
		{CBA9D563-581A-474F-9320-99DFD07C925D}.Release|x86.Build.0 = Release|Any CPU
		{D8C26C93-2219-420A-8E2D-5170E9F4B8A5}.Debug|Any CPU.ActiveCfg = Debug|Any CPU
		{D8C26C93-2219-420A-8E2D-5170E9F4B8A5}.Debug|Any CPU.Build.0 = Debug|Any CPU
		{D8C26C93-2219-420A-8E2D-5170E9F4B8A5}.Debug|x64.ActiveCfg = Debug|Any CPU
		{D8C26C93-2219-420A-8E2D-5170E9F4B8A5}.Debug|x64.Build.0 = Debug|Any CPU
		{D8C26C93-2219-420A-8E2D-5170E9F4B8A5}.Debug|x86.ActiveCfg = Debug|Any CPU
		{D8C26C93-2219-420A-8E2D-5170E9F4B8A5}.Debug|x86.Build.0 = Debug|Any CPU
		{D8C26C93-2219-420A-8E2D-5170E9F4B8A5}.Release|Any CPU.ActiveCfg = Release|Any CPU
		{D8C26C93-2219-420A-8E2D-5170E9F4B8A5}.Release|Any CPU.Build.0 = Release|Any CPU
		{D8C26C93-2219-420A-8E2D-5170E9F4B8A5}.Release|x64.ActiveCfg = Release|Any CPU
		{D8C26C93-2219-420A-8E2D-5170E9F4B8A5}.Release|x64.Build.0 = Release|Any CPU
		{D8C26C93-2219-420A-8E2D-5170E9F4B8A5}.Release|x86.ActiveCfg = Release|Any CPU
		{D8C26C93-2219-420A-8E2D-5170E9F4B8A5}.Release|x86.Build.0 = Release|Any CPU
		{5CAD0C5C-4888-4EFC-87B1-6D5AB3AFD8BA}.Debug|Any CPU.ActiveCfg = Debug|Any CPU
		{5CAD0C5C-4888-4EFC-87B1-6D5AB3AFD8BA}.Debug|Any CPU.Build.0 = Debug|Any CPU
		{5CAD0C5C-4888-4EFC-87B1-6D5AB3AFD8BA}.Debug|x64.ActiveCfg = Debug|Any CPU
		{5CAD0C5C-4888-4EFC-87B1-6D5AB3AFD8BA}.Debug|x64.Build.0 = Debug|Any CPU
		{5CAD0C5C-4888-4EFC-87B1-6D5AB3AFD8BA}.Debug|x86.ActiveCfg = Debug|Any CPU
		{5CAD0C5C-4888-4EFC-87B1-6D5AB3AFD8BA}.Debug|x86.Build.0 = Debug|Any CPU
		{5CAD0C5C-4888-4EFC-87B1-6D5AB3AFD8BA}.Release|Any CPU.ActiveCfg = Release|Any CPU
		{5CAD0C5C-4888-4EFC-87B1-6D5AB3AFD8BA}.Release|Any CPU.Build.0 = Release|Any CPU
		{5CAD0C5C-4888-4EFC-87B1-6D5AB3AFD8BA}.Release|x64.ActiveCfg = Release|Any CPU
		{5CAD0C5C-4888-4EFC-87B1-6D5AB3AFD8BA}.Release|x64.Build.0 = Release|Any CPU
		{5CAD0C5C-4888-4EFC-87B1-6D5AB3AFD8BA}.Release|x86.ActiveCfg = Release|Any CPU
		{5CAD0C5C-4888-4EFC-87B1-6D5AB3AFD8BA}.Release|x86.Build.0 = Release|Any CPU
		{5B44AFB0-AF9B-470F-ADA6-E168D1F98234}.Debug|Any CPU.ActiveCfg = Debug|Any CPU
		{5B44AFB0-AF9B-470F-ADA6-E168D1F98234}.Debug|Any CPU.Build.0 = Debug|Any CPU
		{5B44AFB0-AF9B-470F-ADA6-E168D1F98234}.Debug|x64.ActiveCfg = Debug|Any CPU
		{5B44AFB0-AF9B-470F-ADA6-E168D1F98234}.Debug|x64.Build.0 = Debug|Any CPU
		{5B44AFB0-AF9B-470F-ADA6-E168D1F98234}.Debug|x86.ActiveCfg = Debug|Any CPU
		{5B44AFB0-AF9B-470F-ADA6-E168D1F98234}.Debug|x86.Build.0 = Debug|Any CPU
		{5B44AFB0-AF9B-470F-ADA6-E168D1F98234}.Release|Any CPU.ActiveCfg = Release|Any CPU
		{5B44AFB0-AF9B-470F-ADA6-E168D1F98234}.Release|Any CPU.Build.0 = Release|Any CPU
		{5B44AFB0-AF9B-470F-ADA6-E168D1F98234}.Release|x64.ActiveCfg = Release|Any CPU
		{5B44AFB0-AF9B-470F-ADA6-E168D1F98234}.Release|x64.Build.0 = Release|Any CPU
		{5B44AFB0-AF9B-470F-ADA6-E168D1F98234}.Release|x86.ActiveCfg = Release|Any CPU
		{5B44AFB0-AF9B-470F-ADA6-E168D1F98234}.Release|x86.Build.0 = Release|Any CPU
		{44BFB239-3329-442F-AE61-EE1B862AABD1}.Debug|Any CPU.ActiveCfg = Debug|Any CPU
		{44BFB239-3329-442F-AE61-EE1B862AABD1}.Debug|Any CPU.Build.0 = Debug|Any CPU
		{44BFB239-3329-442F-AE61-EE1B862AABD1}.Debug|x64.ActiveCfg = Debug|Any CPU
		{44BFB239-3329-442F-AE61-EE1B862AABD1}.Debug|x64.Build.0 = Debug|Any CPU
		{44BFB239-3329-442F-AE61-EE1B862AABD1}.Debug|x86.ActiveCfg = Debug|Any CPU
		{44BFB239-3329-442F-AE61-EE1B862AABD1}.Debug|x86.Build.0 = Debug|Any CPU
		{44BFB239-3329-442F-AE61-EE1B862AABD1}.Release|Any CPU.ActiveCfg = Release|Any CPU
		{44BFB239-3329-442F-AE61-EE1B862AABD1}.Release|Any CPU.Build.0 = Release|Any CPU
		{44BFB239-3329-442F-AE61-EE1B862AABD1}.Release|x64.ActiveCfg = Release|Any CPU
		{44BFB239-3329-442F-AE61-EE1B862AABD1}.Release|x64.Build.0 = Release|Any CPU
		{44BFB239-3329-442F-AE61-EE1B862AABD1}.Release|x86.ActiveCfg = Release|Any CPU
		{44BFB239-3329-442F-AE61-EE1B862AABD1}.Release|x86.Build.0 = Release|Any CPU
		{A1A76A46-56BC-4FD4-AE75-949A4B7EF4C2}.Debug|Any CPU.ActiveCfg = Debug|Any CPU
		{A1A76A46-56BC-4FD4-AE75-949A4B7EF4C2}.Debug|Any CPU.Build.0 = Debug|Any CPU
		{A1A76A46-56BC-4FD4-AE75-949A4B7EF4C2}.Debug|x64.ActiveCfg = Debug|Any CPU
		{A1A76A46-56BC-4FD4-AE75-949A4B7EF4C2}.Debug|x64.Build.0 = Debug|Any CPU
		{A1A76A46-56BC-4FD4-AE75-949A4B7EF4C2}.Debug|x86.ActiveCfg = Debug|Any CPU
		{A1A76A46-56BC-4FD4-AE75-949A4B7EF4C2}.Debug|x86.Build.0 = Debug|Any CPU
		{A1A76A46-56BC-4FD4-AE75-949A4B7EF4C2}.Release|Any CPU.ActiveCfg = Release|Any CPU
		{A1A76A46-56BC-4FD4-AE75-949A4B7EF4C2}.Release|Any CPU.Build.0 = Release|Any CPU
		{A1A76A46-56BC-4FD4-AE75-949A4B7EF4C2}.Release|x64.ActiveCfg = Release|Any CPU
		{A1A76A46-56BC-4FD4-AE75-949A4B7EF4C2}.Release|x64.Build.0 = Release|Any CPU
		{A1A76A46-56BC-4FD4-AE75-949A4B7EF4C2}.Release|x86.ActiveCfg = Release|Any CPU
		{A1A76A46-56BC-4FD4-AE75-949A4B7EF4C2}.Release|x86.Build.0 = Release|Any CPU
	EndGlobalSection
	GlobalSection(SolutionProperties) = preSolution
		HideSolutionNode = FALSE
	EndGlobalSection
	GlobalSection(NestedProjects) = preSolution
		{5CAD0C5C-4888-4EFC-87B1-6D5AB3AFD8BA} = {827E0CD3-B72D-47B6-A68D-7590B98EB39B}
		{5B44AFB0-AF9B-470F-ADA6-E168D1F98234} = {827E0CD3-B72D-47B6-A68D-7590B98EB39B}
		{44BFB239-3329-442F-AE61-EE1B862AABD1} = {827E0CD3-B72D-47B6-A68D-7590B98EB39B}
		{A1A76A46-56BC-4FD4-AE75-949A4B7EF4C2} = {827E0CD3-B72D-47B6-A68D-7590B98EB39B}
	EndGlobalSection
	GlobalSection(ExtensibilityGlobals) = postSolution
		SolutionGuid = {C6AB9187-C57A-425C-A3F4-693FF7112A83}
	EndGlobalSection
EndGlobal
